
Microsoft Visual Studio Solution File, Format Version 12.00
# Visual Studio Version 17
VisualStudioVersion = 17.3.32825.248
MinimumVisualStudioVersion = 10.0.40219.1
Project("{2150E333-8FDC-42A3-9474-1A3956D46DE8}") = "0 - Domain", "0 - Domain", "{85FDD490-F832-4D7B-9565-05FD01A974E5}"
EndProject
Project("{2150E333-8FDC-42A3-9474-1A3956D46DE8}") = "1 - Application", "1 - Application", "{1D43E1F6-798E-483F-AEFF-D41E745ADBDF}"
EndProject
Project("{2150E333-8FDC-42A3-9474-1A3956D46DE8}") = "2 - Infra", "2 - Infra", "{0556B5B7-8A01-4F56-BA12-69D5EFA10562}"
EndProject
Project("{2150E333-8FDC-42A3-9474-1A3956D46DE8}") = "3 - Presentation", "3 - Presentation", "{CDF0CC64-6FC9-4043-80CA-3F989DF4D1D8}"
EndProject
Project("{2150E333-8FDC-42A3-9474-1A3956D46DE8}") = "4 - Unit Tests", "4 - Unit Tests", "{F2684FA9-2FD7-49AA-85EC-B36FD82026C0}"
EndProject
Project("{FAE04EC0-301F-11D3-BF4B-00C04F79EFBC}") = "UsersApi.Domain", "UsersApi.Domain\UsersApi.Domain.csproj", "{CCC89C48-D3C1-42CE-8612-4DE9E002346F}"
EndProject
Project("{FAE04EC0-301F-11D3-BF4B-00C04F79EFBC}") = "UsersApi.Domain.Tests", "UsersApi.Domain.Tests\UsersApi.Domain.Tests.csproj", "{19AFFC38-BB72-421B-9F6C-3882E84656C3}"
EndProject
Global
	GlobalSection(SolutionConfigurationPlatforms) = preSolution
		Debug|Any CPU = Debug|Any CPU
		Release|Any CPU = Release|Any CPU
	EndGlobalSection
	GlobalSection(ProjectConfigurationPlatforms) = postSolution
		{CCC89C48-D3C1-42CE-8612-4DE9E002346F}.Debug|Any CPU.ActiveCfg = Debug|Any CPU
		{CCC89C48-D3C1-42CE-8612-4DE9E002346F}.Debug|Any CPU.Build.0 = Debug|Any CPU
		{CCC89C48-D3C1-42CE-8612-4DE9E002346F}.Release|Any CPU.ActiveCfg = Release|Any CPU
		{CCC89C48-D3C1-42CE-8612-4DE9E002346F}.Release|Any CPU.Build.0 = Release|Any CPU
		{19AFFC38-BB72-421B-9F6C-3882E84656C3}.Debug|Any CPU.ActiveCfg = Debug|Any CPU
		{19AFFC38-BB72-421B-9F6C-3882E84656C3}.Debug|Any CPU.Build.0 = Debug|Any CPU
		{19AFFC38-BB72-421B-9F6C-3882E84656C3}.Release|Any CPU.ActiveCfg = Release|Any CPU
		{19AFFC38-BB72-421B-9F6C-3882E84656C3}.Release|Any CPU.Build.0 = Release|Any CPU
	EndGlobalSection
	GlobalSection(SolutionProperties) = preSolution
		HideSolutionNode = FALSE
	EndGlobalSection
	GlobalSection(NestedProjects) = preSolution
		{CCC89C48-D3C1-42CE-8612-4DE9E002346F} = {85FDD490-F832-4D7B-9565-05FD01A974E5}
		{19AFFC38-BB72-421B-9F6C-3882E84656C3} = {F2684FA9-2FD7-49AA-85EC-B36FD82026C0}
	EndGlobalSection
	GlobalSection(ExtensibilityGlobals) = postSolution
		SolutionGuid = {533A0B76-4400-45AD-B3C6-436CB1165363}
	EndGlobalSection
EndGlobal
